
Microsoft Visual Studio Solution File, Format Version 12.00
# Visual Studio 2013
VisualStudioVersion = 12.0.31101.0
MinimumVisualStudioVersion = 10.0.40219.1
Project("{FAE04EC0-301F-11D3-BF4B-00C04F79EFBC}") = "ContactManager", "ContactManager\ContactManager.csproj", "{35DC46A2-A750-4CA8-B419-BC9BED0D7D12}"
EndProject
Project("{2150E333-8FDC-42A3-9474-1A3956D46DE8}") = "PublishScripts", "PublishScripts", "{26F5A696-A226-4595-9A01-A741ECCD4361}"
	ProjectSection(SolutionItems) = preProject
		PublishScripts\AzureWebsitePublishModule.psm1 = PublishScripts\AzureWebsitePublishModule.psm1
		PublishScripts\Publish-WebApplicationWebsite.ps1 = PublishScripts\Publish-WebApplicationWebsite.ps1
	EndProjectSection
EndProject
Project("{2150E333-8FDC-42A3-9474-1A3956D46DE8}") = "Configurations", "Configurations", "{D5C9B9C0-79D0-4BEF-BFD8-5107D9C517BD}"
	ProjectSection(SolutionItems) = preProject
		PublishScripts\Configurations\ContactManager-WAWS-dev.json = PublishScripts\Configurations\ContactManager-WAWS-dev.json
	EndProjectSection
EndProject
Global
	GlobalSection(SolutionConfigurationPlatforms) = preSolution
		Debug|Any CPU = Debug|Any CPU
		Release|Any CPU = Release|Any CPU
	EndGlobalSection
	GlobalSection(ProjectConfigurationPlatforms) = postSolution
		{35DC46A2-A750-4CA8-B419-BC9BED0D7D12}.Debug|Any CPU.ActiveCfg = Debug|Any CPU
		{35DC46A2-A750-4CA8-B419-BC9BED0D7D12}.Debug|Any CPU.Build.0 = Debug|Any CPU
		{35DC46A2-A750-4CA8-B419-BC9BED0D7D12}.Release|Any CPU.ActiveCfg = Release|Any CPU
		{35DC46A2-A750-4CA8-B419-BC9BED0D7D12}.Release|Any CPU.Build.0 = Release|Any CPU
	EndGlobalSection
	GlobalSection(SolutionProperties) = preSolution
		HideSolutionNode = FALSE
	EndGlobalSection
	GlobalSection(NestedProjects) = preSolution
		{D5C9B9C0-79D0-4BEF-BFD8-5107D9C517BD} = {26F5A696-A226-4595-9A01-A741ECCD4361}
	EndGlobalSection
EndGlobal
